{
    "_readme": [
        "This file locks the dependencies of your project to a known state",
        "Read more about it at https://getcomposer.org/doc/01-basic-usage.md#installing-dependencies",
        "This file is @generated automatically"
    ],
    "content-hash": "bc49bf43aac3d60e66e175af1bb217da",
    "packages": [
        {
            "name": "lu-bbs/acme_kernel",
            "version": "dev-release/2.0.0",
            "dist": {
                "type": "path",
                "url": "../acme_kernel",
                "reference": "f9e8b90d786ceb01296190863bddc461d8fac485"
            },
            "type": "library",
            "autoload": {
                "psr-4": {
                    "LuBbs\\": "src/"
                }
            },
            "authors": [
                {
                    "name": "Ludovic Floch",
                    "email": "ludovic.floch@big-boss-studio.com"
                }
            ],
            "description": "Dummy kernel",
            "transport-options": {
                "relative": true
            }
        }
    ],
    "packages-dev": [],
    "aliases": [],
    "minimum-stability": "stable",
    "stability-flags": {
        "lu-bbs/acme_kernel": 20
    },
    "prefer-stable": false,
    "prefer-lowest": false,
    "platform": [],
    "platform-dev": [],
    "plugin-api-version": "2.0.0"
}
